// !$*UTF8*$!
{
	archiveVersion = 1;
	classes = {
	};
	objectVersion = 77;
	objects = {

/* Begin PBXBuildFile section */
		214CEB69DD01FFA985077B56 /* Pods_HackWesternTests.framework in Frameworks */ = {isa = PBXBuildFile; fileRef = E1BA52749BDCCADA82889908 /* Pods_HackWesternTests.framework */; };
		4A37EDE9D0912274A42D8582 /* Pods_HackWestern.framework in Frameworks */ = {isa = PBXBuildFile; fileRef = F56078FAD5D798CA925F9794 /* Pods_HackWestern.framework */; };
		4E64D7702CFC93FB002E85E3 /* UnityFramework.framework in Frameworks */ = {isa = PBXBuildFile; fileRef = 4E64D75D2CFC87DE002E85E3 /* UnityFramework.framework */; };
		4E64D7712CFC93FB002E85E3 /* UnityFramework.framework in Embed Frameworks */ = {isa = PBXBuildFile; fileRef = 4E64D75D2CFC87DE002E85E3 /* UnityFramework.framework */; settings = {ATTRIBUTES = (RemoveHeadersOnCopy, ); }; };
		77EF8CD72688689F409CEA7F /* Pods_HackWestern_HackWesternUITests.framework in Frameworks */ = {isa = PBXBuildFile; fileRef = A3EF1E76795F0EC9B0E928F2 /* Pods_HackWestern_HackWesternUITests.framework */; };
/* End PBXBuildFile section */

/* Begin PBXContainerItemProxy section */
		4E49ECA82CFB18C700287391 /* PBXContainerItemProxy */ = {
			isa = PBXContainerItemProxy;
			containerPortal = 4E49EC8F2CFB18C600287391 /* Project object */;
			proxyType = 1;
			remoteGlobalIDString = 4E49EC962CFB18C600287391;
			remoteInfo = HackWestern;
		};
		4E49ECB22CFB18C700287391 /* PBXContainerItemProxy */ = {
			isa = PBXContainerItemProxy;
			containerPortal = 4E49EC8F2CFB18C600287391 /* Project object */;
			proxyType = 1;
			remoteGlobalIDString = 4E49EC962CFB18C600287391;
			remoteInfo = HackWestern;
		};
/* End PBXContainerItemProxy section */

/* Begin PBXCopyFilesBuildPhase section */
		4E64D7722CFC93FB002E85E3 /* Embed Frameworks */ = {
			isa = PBXCopyFilesBuildPhase;
			buildActionMask = 2147483647;
			dstPath = "";
			dstSubfolderSpec = 10;
			files = (
				4E64D7712CFC93FB002E85E3 /* UnityFramework.framework in Embed Frameworks */,
			);
			name = "Embed Frameworks";
			runOnlyForDeploymentPostprocessing = 0;
		};
/* End PBXCopyFilesBuildPhase section */

/* Begin PBXFileReference section */
		1AE391F2F969C0912BA3E7F3 /* Pods-HackWestern.debug.xcconfig */ = {isa = PBXFileReference; includeInIndex = 1; lastKnownFileType = text.xcconfig; name = "Pods-HackWestern.debug.xcconfig"; path = "Target Support Files/Pods-HackWestern/Pods-HackWestern.debug.xcconfig"; sourceTree = "<group>"; };
		389F82F91CC69AD064523288 /* Pods-HackWestern-HackWesternUITests.debug.xcconfig */ = {isa = PBXFileReference; includeInIndex = 1; lastKnownFileType = text.xcconfig; name = "Pods-HackWestern-HackWesternUITests.debug.xcconfig"; path = "Target Support Files/Pods-HackWestern-HackWesternUITests/Pods-HackWestern-HackWesternUITests.debug.xcconfig"; sourceTree = "<group>"; };
		3B04AED8615A6625CF25CB95 /* Pods-HackWesternTests.debug.xcconfig */ = {isa = PBXFileReference; includeInIndex = 1; lastKnownFileType = text.xcconfig; name = "Pods-HackWesternTests.debug.xcconfig"; path = "Target Support Files/Pods-HackWesternTests/Pods-HackWesternTests.debug.xcconfig"; sourceTree = "<group>"; };
		3F367D62B4A64850A031FFCA /* Pods-HackWestern-HackWesternUITests.release.xcconfig */ = {isa = PBXFileReference; includeInIndex = 1; lastKnownFileType = text.xcconfig; name = "Pods-HackWestern-HackWesternUITests.release.xcconfig"; path = "Target Support Files/Pods-HackWestern-HackWesternUITests/Pods-HackWestern-HackWesternUITests.release.xcconfig"; sourceTree = "<group>"; };
		4E49EC972CFB18C600287391 /* HackWestern.app */ = {isa = PBXFileReference; explicitFileType = wrapper.application; includeInIndex = 0; path = HackWestern.app; sourceTree = BUILT_PRODUCTS_DIR; };
		4E49ECA72CFB18C700287391 /* HackWesternTests.xctest */ = {isa = PBXFileReference; explicitFileType = wrapper.cfbundle; includeInIndex = 0; path = HackWesternTests.xctest; sourceTree = BUILT_PRODUCTS_DIR; };
		4E49ECB12CFB18C700287391 /* HackWesternUITests.xctest */ = {isa = PBXFileReference; explicitFileType = wrapper.cfbundle; includeInIndex = 0; path = HackWesternUITests.xctest; sourceTree = BUILT_PRODUCTS_DIR; };
		4E64D75D2CFC87DE002E85E3 /* UnityFramework.framework */ = {isa = PBXFileReference; explicitFileType = wrapper.framework; path = UnityFramework.framework; sourceTree = BUILT_PRODUCTS_DIR; };
		4E64D7612CFC8818002E85E3 /* Unity-iPhone.xcodeproj */ = {isa = PBXFileReference; lastKnownFileType = "wrapper.pb-project"; name = "Unity-iPhone.xcodeproj"; path = "/Users/kirby/Documents/hackathonn/Unity-iPhone.xcodeproj"; sourceTree = "<absolute>"; };
		A3EF1E76795F0EC9B0E928F2 /* Pods_HackWestern_HackWesternUITests.framework */ = {isa = PBXFileReference; explicitFileType = wrapper.framework; includeInIndex = 0; path = Pods_HackWestern_HackWesternUITests.framework; sourceTree = BUILT_PRODUCTS_DIR; };
		A5E39129244EA6ACE10FA38A /* Pods-HackWesternTests.release.xcconfig */ = {isa = PBXFileReference; includeInIndex = 1; lastKnownFileType = text.xcconfig; name = "Pods-HackWesternTests.release.xcconfig"; path = "Target Support Files/Pods-HackWesternTests/Pods-HackWesternTests.release.xcconfig"; sourceTree = "<group>"; };
		AAF4635586F86DD70DF7AB7A /* Pods-HackWestern.release.xcconfig */ = {isa = PBXFileReference; includeInIndex = 1; lastKnownFileType = text.xcconfig; name = "Pods-HackWestern.release.xcconfig"; path = "Target Support Files/Pods-HackWestern/Pods-HackWestern.release.xcconfig"; sourceTree = "<group>"; };
		E1BA52749BDCCADA82889908 /* Pods_HackWesternTests.framework */ = {isa = PBXFileReference; explicitFileType = wrapper.framework; includeInIndex = 0; path = Pods_HackWesternTests.framework; sourceTree = BUILT_PRODUCTS_DIR; };
		F56078FAD5D798CA925F9794 /* Pods_HackWestern.framework */ = {isa = PBXFileReference; explicitFileType = wrapper.framework; includeInIndex = 0; path = Pods_HackWestern.framework; sourceTree = BUILT_PRODUCTS_DIR; };
/* End PBXFileReference section */

/* Begin PBXFileSystemSynchronizedRootGroup section */
		4E49EC992CFB18C600287391 /* HackWestern */ = {
			isa = PBXFileSystemSynchronizedRootGroup;
			path = HackWestern;
			sourceTree = "<group>";
		};
		4E49ECAA2CFB18C700287391 /* HackWesternTests */ = {
			isa = PBXFileSystemSynchronizedRootGroup;
			path = HackWesternTests;
			sourceTree = "<group>";
		};
		4E49ECB42CFB18C700287391 /* HackWesternUITests */ = {
			isa = PBXFileSystemSynchronizedRootGroup;
			path = HackWesternUITests;
			sourceTree = "<group>";
		};
/* End PBXFileSystemSynchronizedRootGroup section */

/* Begin PBXFrameworksBuildPhase section */
		4E49EC942CFB18C600287391 /* Frameworks */ = {
			isa = PBXFrameworksBuildPhase;
			buildActionMask = 2147483647;
			files = (
				4A37EDE9D0912274A42D8582 /* Pods_HackWestern.framework in Frameworks */,
				4E64D7702CFC93FB002E85E3 /* UnityFramework.framework in Frameworks */,
			);
			runOnlyForDeploymentPostprocessing = 0;
		};
		4E49ECA42CFB18C700287391 /* Frameworks */ = {
			isa = PBXFrameworksBuildPhase;
			buildActionMask = 2147483647;
			files = (
				214CEB69DD01FFA985077B56 /* Pods_HackWesternTests.framework in Frameworks */,
			);
			runOnlyForDeploymentPostprocessing = 0;
		};
		4E49ECAE2CFB18C700287391 /* Frameworks */ = {
			isa = PBXFrameworksBuildPhase;
			buildActionMask = 2147483647;
			files = (
				77EF8CD72688689F409CEA7F /* Pods_HackWestern_HackWesternUITests.framework in Frameworks */,
			);
			runOnlyForDeploymentPostprocessing = 0;
		};
/* End PBXFrameworksBuildPhase section */

/* Begin PBXGroup section */
		15C7F51FE785FCB51BFA7AFC /* Pods */ = {
			isa = PBXGroup;
			children = (
				1AE391F2F969C0912BA3E7F3 /* Pods-HackWestern.debug.xcconfig */,
				AAF4635586F86DD70DF7AB7A /* Pods-HackWestern.release.xcconfig */,
				389F82F91CC69AD064523288 /* Pods-HackWestern-HackWesternUITests.debug.xcconfig */,
				3F367D62B4A64850A031FFCA /* Pods-HackWestern-HackWesternUITests.release.xcconfig */,
				3B04AED8615A6625CF25CB95 /* Pods-HackWesternTests.debug.xcconfig */,
				A5E39129244EA6ACE10FA38A /* Pods-HackWesternTests.release.xcconfig */,
			);
			path = Pods;
			sourceTree = "<group>";
		};
		4E49EC8E2CFB18C600287391 = {
			isa = PBXGroup;
			children = (
				4E49EC992CFB18C600287391 /* HackWestern */,
				4E49ECAA2CFB18C700287391 /* HackWesternTests */,
				4E49ECB42CFB18C700287391 /* HackWesternUITests */,
				4E49EC982CFB18C600287391 /* Products */,
				15C7F51FE785FCB51BFA7AFC /* Pods */,
				E2D70B38430C24DBCCDACE25 /* Frameworks */,
				4E64D7612CFC8818002E85E3 /* Unity-iPhone.xcodeproj */,
			);
			sourceTree = "<group>";
		};
		4E49EC982CFB18C600287391 /* Products */ = {
			isa = PBXGroup;
			children = (
				4E49EC972CFB18C600287391 /* HackWestern.app */,
				4E49ECA72CFB18C700287391 /* HackWesternTests.xctest */,
				4E49ECB12CFB18C700287391 /* HackWesternUITests.xctest */,
			);
			name = Products;
			sourceTree = "<group>";
		};
		4E64D7622CFC8818002E85E3 /* Products */ = {
			isa = PBXGroup;
			children = (
			);
			name = Products;
			sourceTree = "<group>";
		};
		E2D70B38430C24DBCCDACE25 /* Frameworks */ = {
			isa = PBXGroup;
			children = (
				4E64D75D2CFC87DE002E85E3 /* UnityFramework.framework */,
				F56078FAD5D798CA925F9794 /* Pods_HackWestern.framework */,
				A3EF1E76795F0EC9B0E928F2 /* Pods_HackWestern_HackWesternUITests.framework */,
				E1BA52749BDCCADA82889908 /* Pods_HackWesternTests.framework */,
			);
			name = Frameworks;
			sourceTree = "<group>";
		};
/* End PBXGroup section */

/* Begin PBXNativeTarget section */
		4E49EC962CFB18C600287391 /* HackWestern */ = {
			isa = PBXNativeTarget;
			buildConfigurationList = 4E49ECBB2CFB18C700287391 /* Build configuration list for PBXNativeTarget "HackWestern" */;
			buildPhases = (
				BA2072D1FEB76BC351AD4D9A /* [CP] Check Pods Manifest.lock */,
				4E49EC932CFB18C600287391 /* Sources */,
				4E49EC942CFB18C600287391 /* Frameworks */,
				4E49EC952CFB18C600287391 /* Resources */,
				4E64D7722CFC93FB002E85E3 /* Embed Frameworks */,
			);
			buildRules = (
			);
			dependencies = (
			);
			fileSystemSynchronizedGroups = (
				4E49EC992CFB18C600287391 /* HackWestern */,
			);
			name = HackWestern;
			productName = HackWestern;
			productReference = 4E49EC972CFB18C600287391 /* HackWestern.app */;
			productType = "com.apple.product-type.application";
		};
		4E49ECA62CFB18C700287391 /* HackWesternTests */ = {
			isa = PBXNativeTarget;
			buildConfigurationList = 4E49ECBE2CFB18C700287391 /* Build configuration list for PBXNativeTarget "HackWesternTests" */;
			buildPhases = (
				2732D372865D7B63CBF2F3BF /* [CP] Check Pods Manifest.lock */,
				4E49ECA32CFB18C700287391 /* Sources */,
				4E49ECA42CFB18C700287391 /* Frameworks */,
				4E49ECA52CFB18C700287391 /* Resources */,
			);
			buildRules = (
			);
			dependencies = (
				4E49ECA92CFB18C700287391 /* PBXTargetDependency */,
			);
			fileSystemSynchronizedGroups = (
				4E49ECAA2CFB18C700287391 /* HackWesternTests */,
			);
			name = HackWesternTests;
			productName = HackWesternTests;
			productReference = 4E49ECA72CFB18C700287391 /* HackWesternTests.xctest */;
			productType = "com.apple.product-type.bundle.unit-test";
		};
		4E49ECB02CFB18C700287391 /* HackWesternUITests */ = {
			isa = PBXNativeTarget;
			buildConfigurationList = 4E49ECC12CFB18C700287391 /* Build configuration list for PBXNativeTarget "HackWesternUITests" */;
			buildPhases = (
				E3F2E091E1B6E6592DACDEB7 /* [CP] Check Pods Manifest.lock */,
				4E49ECAD2CFB18C700287391 /* Sources */,
				4E49ECAE2CFB18C700287391 /* Frameworks */,
				4E49ECAF2CFB18C700287391 /* Resources */,
			);
			buildRules = (
			);
			dependencies = (
				4E49ECB32CFB18C700287391 /* PBXTargetDependency */,
			);
			fileSystemSynchronizedGroups = (
				4E49ECB42CFB18C700287391 /* HackWesternUITests */,
			);
			name = HackWesternUITests;
			productName = HackWesternUITests;
			productReference = 4E49ECB12CFB18C700287391 /* HackWesternUITests.xctest */;
			productType = "com.apple.product-type.bundle.ui-testing";
		};
/* End PBXNativeTarget section */

/* Begin PBXProject section */
		4E49EC8F2CFB18C600287391 /* Project object */ = {
			isa = PBXProject;
			attributes = {
				BuildIndependentTargetsInParallel = 1;
				LastSwiftUpdateCheck = 1610;
				LastUpgradeCheck = 1610;
				TargetAttributes = {
					4E49EC962CFB18C600287391 = {
						CreatedOnToolsVersion = 16.1;
					};
					4E49ECA62CFB18C700287391 = {
						CreatedOnToolsVersion = 16.1;
						TestTargetID = 4E49EC962CFB18C600287391;
					};
					4E49ECB02CFB18C700287391 = {
						CreatedOnToolsVersion = 16.1;
						TestTargetID = 4E49EC962CFB18C600287391;
					};
				};
			};
			buildConfigurationList = 4E49EC922CFB18C600287391 /* Build configuration list for PBXProject "HackWestern" */;
			developmentRegion = en;
			hasScannedForEncodings = 0;
			knownRegions = (
				en,
				Base,
			);
			mainGroup = 4E49EC8E2CFB18C600287391;
			minimizedProjectReferenceProxies = 1;
			preferredProjectObjectVersion = 77;
			productRefGroup = 4E49EC982CFB18C600287391 /* Products */;
			projectDirPath = "";
			projectReferences = (
				{
					ProductGroup = 4E64D7622CFC8818002E85E3 /* Products */;
					ProjectRef = 4E64D7612CFC8818002E85E3 /* Unity-iPhone.xcodeproj */;
				},
			);
			projectRoot = "";
			targets = (
				4E49EC962CFB18C600287391 /* HackWestern */,
				4E49ECA62CFB18C700287391 /* HackWesternTests */,
				4E49ECB02CFB18C700287391 /* HackWesternUITests */,
			);
		};
/* End PBXProject section */

/* Begin PBXResourcesBuildPhase section */
		4E49EC952CFB18C600287391 /* Resources */ = {
			isa = PBXResourcesBuildPhase;
			buildActionMask = 2147483647;
			files = (
			);
			runOnlyForDeploymentPostprocessing = 0;
		};
		4E49ECA52CFB18C700287391 /* Resources */ = {
			isa = PBXResourcesBuildPhase;
			buildActionMask = 2147483647;
			files = (
			);
			runOnlyForDeploymentPostprocessing = 0;
		};
		4E49ECAF2CFB18C700287391 /* Resources */ = {
			isa = PBXResourcesBuildPhase;
			buildActionMask = 2147483647;
			files = (
			);
			runOnlyForDeploymentPostprocessing = 0;
		};
/* End PBXResourcesBuildPhase section */

/* Begin PBXShellScriptBuildPhase section */
		2732D372865D7B63CBF2F3BF /* [CP] Check Pods Manifest.lock */ = {
			isa = PBXShellScriptBuildPhase;
			buildActionMask = 2147483647;
			files = (
			);
			inputFileListPaths = (
			);
			inputPaths = (
				"${PODS_PODFILE_DIR_PATH}/Podfile.lock",
				"${PODS_ROOT}/Manifest.lock",
			);
			name = "[CP] Check Pods Manifest.lock";
			outputFileListPaths = (
			);
			outputPaths = (
				"$(DERIVED_FILE_DIR)/Pods-HackWesternTests-checkManifestLockResult.txt",
			);
			runOnlyForDeploymentPostprocessing = 0;
			shellPath = /bin/sh;
			shellScript = "diff \"${PODS_PODFILE_DIR_PATH}/Podfile.lock\" \"${PODS_ROOT}/Manifest.lock\" > /dev/null\nif [ $? != 0 ] ; then\n    # print error to STDERR\n    echo \"error: The sandbox is not in sync with the Podfile.lock. Run 'pod install' or update your CocoaPods installation.\" >&2\n    exit 1\nfi\n# This output is used by Xcode 'outputs' to avoid re-running this script phase.\necho \"SUCCESS\" > \"${SCRIPT_OUTPUT_FILE_0}\"\n";
			showEnvVarsInLog = 0;
		};
		BA2072D1FEB76BC351AD4D9A /* [CP] Check Pods Manifest.lock */ = {
			isa = PBXShellScriptBuildPhase;
			buildActionMask = 2147483647;
			files = (
			);
			inputFileListPaths = (
			);
			inputPaths = (
				"${PODS_PODFILE_DIR_PATH}/Podfile.lock",
				"${PODS_ROOT}/Manifest.lock",
			);
			name = "[CP] Check Pods Manifest.lock";
			outputFileListPaths = (
			);
			outputPaths = (
				"$(DERIVED_FILE_DIR)/Pods-HackWestern-checkManifestLockResult.txt",
			);
			runOnlyForDeploymentPostprocessing = 0;
			shellPath = /bin/sh;
			shellScript = "diff \"${PODS_PODFILE_DIR_PATH}/Podfile.lock\" \"${PODS_ROOT}/Manifest.lock\" > /dev/null\nif [ $? != 0 ] ; then\n    # print error to STDERR\n    echo \"error: The sandbox is not in sync with the Podfile.lock. Run 'pod install' or update your CocoaPods installation.\" >&2\n    exit 1\nfi\n# This output is used by Xcode 'outputs' to avoid re-running this script phase.\necho \"SUCCESS\" > \"${SCRIPT_OUTPUT_FILE_0}\"\n";
			showEnvVarsInLog = 0;
		};
		E3F2E091E1B6E6592DACDEB7 /* [CP] Check Pods Manifest.lock */ = {
			isa = PBXShellScriptBuildPhase;
			buildActionMask = 2147483647;
			files = (
			);
			inputFileListPaths = (
			);
			inputPaths = (
				"${PODS_PODFILE_DIR_PATH}/Podfile.lock",
				"${PODS_ROOT}/Manifest.lock",
			);
			name = "[CP] Check Pods Manifest.lock";
			outputFileListPaths = (
			);
			outputPaths = (
				"$(DERIVED_FILE_DIR)/Pods-HackWestern-HackWesternUITests-checkManifestLockResult.txt",
			);
			runOnlyForDeploymentPostprocessing = 0;
			shellPath = /bin/sh;
			shellScript = "diff \"${PODS_PODFILE_DIR_PATH}/Podfile.lock\" \"${PODS_ROOT}/Manifest.lock\" > /dev/null\nif [ $? != 0 ] ; then\n    # print error to STDERR\n    echo \"error: The sandbox is not in sync with the Podfile.lock. Run 'pod install' or update your CocoaPods installation.\" >&2\n    exit 1\nfi\n# This output is used by Xcode 'outputs' to avoid re-running this script phase.\necho \"SUCCESS\" > \"${SCRIPT_OUTPUT_FILE_0}\"\n";
			showEnvVarsInLog = 0;
		};
/* End PBXShellScriptBuildPhase section */

/* Begin PBXSourcesBuildPhase section */
		4E49EC932CFB18C600287391 /* Sources */ = {
			isa = PBXSourcesBuildPhase;
			buildActionMask = 2147483647;
			files = (
			);
			runOnlyForDeploymentPostprocessing = 0;
		};
		4E49ECA32CFB18C700287391 /* Sources */ = {
			isa = PBXSourcesBuildPhase;
			buildActionMask = 2147483647;
			files = (
			);
			runOnlyForDeploymentPostprocessing = 0;
		};
		4E49ECAD2CFB18C700287391 /* Sources */ = {
			isa = PBXSourcesBuildPhase;
			buildActionMask = 2147483647;
			files = (
			);
			runOnlyForDeploymentPostprocessing = 0;
		};
/* End PBXSourcesBuildPhase section */

/* Begin PBXTargetDependency section */
		4E49ECA92CFB18C700287391 /* PBXTargetDependency */ = {
			isa = PBXTargetDependency;
			target = 4E49EC962CFB18C600287391 /* HackWestern */;
			targetProxy = 4E49ECA82CFB18C700287391 /* PBXContainerItemProxy */;
		};
		4E49ECB32CFB18C700287391 /* PBXTargetDependency */ = {
			isa = PBXTargetDependency;
			target = 4E49EC962CFB18C600287391 /* HackWestern */;
			targetProxy = 4E49ECB22CFB18C700287391 /* PBXContainerItemProxy */;
		};
/* End PBXTargetDependency section */

/* Begin XCBuildConfiguration section */
		4E49ECB92CFB18C700287391 /* Debug */ = {
			isa = XCBuildConfiguration;
			buildSettings = {
				ALWAYS_SEARCH_USER_PATHS = NO;
				ASSETCATALOG_COMPILER_GENERATE_SWIFT_ASSET_SYMBOL_EXTENSIONS = YES;
				CLANG_ANALYZER_NONNULL = YES;
				CLANG_ANALYZER_NUMBER_OBJECT_CONVERSION = YES_AGGRESSIVE;
				CLANG_CXX_LANGUAGE_STANDARD = "gnu++20";
				CLANG_ENABLE_MODULES = YES;
				CLANG_ENABLE_OBJC_ARC = YES;
				CLANG_ENABLE_OBJC_WEAK = YES;
				CLANG_WARN_BLOCK_CAPTURE_AUTORELEASING = YES;
				CLANG_WARN_BOOL_CONVERSION = YES;
				CLANG_WARN_COMMA = YES;
				CLANG_WARN_CONSTANT_CONVERSION = YES;
				CLANG_WARN_DEPRECATED_OBJC_IMPLEMENTATIONS = YES;
				CLANG_WARN_DIRECT_OBJC_ISA_USAGE = YES_ERROR;
				CLANG_WARN_DOCUMENTATION_COMMENTS = YES;
				CLANG_WARN_EMPTY_BODY = YES;
				CLANG_WARN_ENUM_CONVERSION = YES;
				CLANG_WARN_INFINITE_RECURSION = YES;
				CLANG_WARN_INT_CONVERSION = YES;
				CLANG_WARN_NON_LITERAL_NULL_CONVERSION = YES;
				CLANG_WARN_OBJC_IMPLICIT_RETAIN_SELF = YES;
				CLANG_WARN_OBJC_LITERAL_CONVERSION = YES;
				CLANG_WARN_OBJC_ROOT_CLASS = YES_ERROR;
				CLANG_WARN_QUOTED_INCLUDE_IN_FRAMEWORK_HEADER = YES;
				CLANG_WARN_RANGE_LOOP_ANALYSIS = YES;
				CLANG_WARN_STRICT_PROTOTYPES = YES;
				CLANG_WARN_SUSPICIOUS_MOVE = YES;
				CLANG_WARN_UNGUARDED_AVAILABILITY = YES_AGGRESSIVE;
				CLANG_WARN_UNREACHABLE_CODE = YES;
				CLANG_WARN__DUPLICATE_METHOD_MATCH = YES;
				COPY_PHASE_STRIP = NO;
				DEBUG_INFORMATION_FORMAT = dwarf;
				ENABLE_STRICT_OBJC_MSGSEND = YES;
				ENABLE_TESTABILITY = YES;
				ENABLE_USER_SCRIPT_SANDBOXING = YES;
				GCC_C_LANGUAGE_STANDARD = gnu17;
				GCC_DYNAMIC_NO_PIC = NO;
				GCC_NO_COMMON_BLOCKS = YES;
				GCC_OPTIMIZATION_LEVEL = 0;
				GCC_PREPROCESSOR_DEFINITIONS = (
					"DEBUG=1",
					"$(inherited)",
				);
				GCC_WARN_64_TO_32_BIT_CONVERSION = YES;
				GCC_WARN_ABOUT_RETURN_TYPE = YES_ERROR;
				GCC_WARN_UNDECLARED_SELECTOR = YES;
				GCC_WARN_UNINITIALIZED_AUTOS = YES_AGGRESSIVE;
				GCC_WARN_UNUSED_FUNCTION = YES;
				GCC_WARN_UNUSED_VARIABLE = YES;
				IPHONEOS_DEPLOYMENT_TARGET = 18.1;
				LOCALIZATION_PREFERS_STRING_CATALOGS = YES;
				MTL_ENABLE_DEBUG_INFO = INCLUDE_SOURCE;
				MTL_FAST_MATH = YES;
				ONLY_ACTIVE_ARCH = YES;
				SDKROOT = iphoneos;
				SWIFT_ACTIVE_COMPILATION_CONDITIONS = "DEBUG $(inherited)";
				SWIFT_OPTIMIZATION_LEVEL = "-Onone";
			};
			name = Debug;
		};
		4E49ECBA2CFB18C700287391 /* Release */ = {
			isa = XCBuildConfiguration;
			buildSettings = {
				ALWAYS_SEARCH_USER_PATHS = NO;
				ASSETCATALOG_COMPILER_GENERATE_SWIFT_ASSET_SYMBOL_EXTENSIONS = YES;
				CLANG_ANALYZER_NONNULL = YES;
				CLANG_ANALYZER_NUMBER_OBJECT_CONVERSION = YES_AGGRESSIVE;
				CLANG_CXX_LANGUAGE_STANDARD = "gnu++20";
				CLANG_ENABLE_MODULES = YES;
				CLANG_ENABLE_OBJC_ARC = YES;
				CLANG_ENABLE_OBJC_WEAK = YES;
				CLANG_WARN_BLOCK_CAPTURE_AUTORELEASING = YES;
				CLANG_WARN_BOOL_CONVERSION = YES;
				CLANG_WARN_COMMA = YES;
				CLANG_WARN_CONSTANT_CONVERSION = YES;
				CLANG_WARN_DEPRECATED_OBJC_IMPLEMENTATIONS = YES;
				CLANG_WARN_DIRECT_OBJC_ISA_USAGE = YES_ERROR;
				CLANG_WARN_DOCUMENTATION_COMMENTS = YES;
				CLANG_WARN_EMPTY_BODY = YES;
				CLANG_WARN_ENUM_CONVERSION = YES;
				CLANG_WARN_INFINITE_RECURSION = YES;
				CLANG_WARN_INT_CONVERSION = YES;
				CLANG_WARN_NON_LITERAL_NULL_CONVERSION = YES;
				CLANG_WARN_OBJC_IMPLICIT_RETAIN_SELF = YES;
				CLANG_WARN_OBJC_LITERAL_CONVERSION = YES;
				CLANG_WARN_OBJC_ROOT_CLASS = YES_ERROR;
				CLANG_WARN_QUOTED_INCLUDE_IN_FRAMEWORK_HEADER = YES;
				CLANG_WARN_RANGE_LOOP_ANALYSIS = YES;
				CLANG_WARN_STRICT_PROTOTYPES = YES;
				CLANG_WARN_SUSPICIOUS_MOVE = YES;
				CLANG_WARN_UNGUARDED_AVAILABILITY = YES_AGGRESSIVE;
				CLANG_WARN_UNREACHABLE_CODE = YES;
				CLANG_WARN__DUPLICATE_METHOD_MATCH = YES;
				COPY_PHASE_STRIP = NO;
				DEBUG_INFORMATION_FORMAT = "dwarf-with-dsym";
				ENABLE_NS_ASSERTIONS = NO;
				ENABLE_STRICT_OBJC_MSGSEND = YES;
				ENABLE_USER_SCRIPT_SANDBOXING = YES;
				GCC_C_LANGUAGE_STANDARD = gnu17;
				GCC_NO_COMMON_BLOCKS = YES;
				GCC_WARN_64_TO_32_BIT_CONVERSION = YES;
				GCC_WARN_ABOUT_RETURN_TYPE = YES_ERROR;
				GCC_WARN_UNDECLARED_SELECTOR = YES;
				GCC_WARN_UNINITIALIZED_AUTOS = YES_AGGRESSIVE;
				GCC_WARN_UNUSED_FUNCTION = YES;
				GCC_WARN_UNUSED_VARIABLE = YES;
				IPHONEOS_DEPLOYMENT_TARGET = 18.1;
				LOCALIZATION_PREFERS_STRING_CATALOGS = YES;
				MTL_ENABLE_DEBUG_INFO = NO;
				MTL_FAST_MATH = YES;
				SDKROOT = iphoneos;
				SWIFT_COMPILATION_MODE = wholemodule;
				VALIDATE_PRODUCT = YES;
			};
			name = Release;
		};
		4E49ECBC2CFB18C700287391 /* Debug */ = {
			isa = XCBuildConfiguration;
			baseConfigurationReference = 1AE391F2F969C0912BA3E7F3 /* Pods-HackWestern.debug.xcconfig */;
			buildSettings = {
				ASSETCATALOG_COMPILER_APPICON_NAME = AppIcon;
				ASSETCATALOG_COMPILER_GLOBAL_ACCENT_COLOR_NAME = AccentColor;
				CODE_SIGN_STYLE = Automatic;
				CURRENT_PROJECT_VERSION = 1;
				DEVELOPMENT_ASSET_PATHS = "\"HackWestern/Preview Content\"";
				ENABLE_PREVIEWS = YES;
				GENERATE_INFOPLIST_FILE = YES;
				INFOPLIST_KEY_UIApplicationSceneManifest_Generation = YES;
				INFOPLIST_KEY_UIApplicationSupportsIndirectInputEvents = YES;
				INFOPLIST_KEY_UILaunchScreen_Generation = YES;
				INFOPLIST_KEY_UISupportedInterfaceOrientations_iPad = "UIInterfaceOrientationPortrait UIInterfaceOrientationPortraitUpsideDown UIInterfaceOrientationLandscapeLeft UIInterfaceOrientationLandscapeRight";
				INFOPLIST_KEY_UISupportedInterfaceOrientations_iPhone = "UIInterfaceOrientationPortrait UIInterfaceOrientationLandscapeLeft UIInterfaceOrientationLandscapeRight";
				LD_RUNPATH_SEARCH_PATHS = (
					"$(inherited)",
					"@executable_path/Frameworks",
				);
				MARKETING_VERSION = 1.0;
				PRODUCT_BUNDLE_IDENTIFIER = "kirpa-delia.HackWestern";
				PRODUCT_NAME = "$(TARGET_NAME)";
				SWIFT_EMIT_LOC_STRINGS = YES;
				SWIFT_VERSION = 5.0;
				TARGETED_DEVICE_FAMILY = "1,2";
			};
			name = Debug;
		};
		4E49ECBD2CFB18C700287391 /* Release */ = {
			isa = XCBuildConfiguration;
			baseConfigurationReference = AAF4635586F86DD70DF7AB7A /* Pods-HackWestern.release.xcconfig */;
			buildSettings = {
				ASSETCATALOG_COMPILER_APPICON_NAME = AppIcon;
				ASSETCATALOG_COMPILER_GLOBAL_ACCENT_COLOR_NAME = AccentColor;
				CODE_SIGN_STYLE = Automatic;
				CURRENT_PROJECT_VERSION = 1;
				DEVELOPMENT_ASSET_PATHS = "\"HackWestern/Preview Content\"";
				ENABLE_PREVIEWS = YES;
				GENERATE_INFOPLIST_FILE = YES;
				INFOPLIST_KEY_UIApplicationSceneManifest_Generation = YES;
				INFOPLIST_KEY_UIApplicationSupportsIndirectInputEvents = YES;
				INFOPLIST_KEY_UILaunchScreen_Generation = YES;
				INFOPLIST_KEY_UISupportedInterfaceOrientations_iPad = "UIInterfaceOrientationPortrait UIInterfaceOrientationPortraitUpsideDown UIInterfaceOrientationLandscapeLeft UIInterfaceOrientationLandscapeRight";
				INFOPLIST_KEY_UISupportedInterfaceOrientations_iPhone = "UIInterfaceOrientationPortrait UIInterfaceOrientationLandscapeLeft UIInterfaceOrientationLandscapeRight";
				LD_RUNPATH_SEARCH_PATHS = (
					"$(inherited)",
					"@executable_path/Frameworks",
				);
				MARKETING_VERSION = 1.0;
				PRODUCT_BUNDLE_IDENTIFIER = "kirpa-delia.HackWestern";
				PRODUCT_NAME = "$(TARGET_NAME)";
				SWIFT_EMIT_LOC_STRINGS = YES;
				SWIFT_VERSION = 5.0;
				TARGETED_DEVICE_FAMILY = "1,2";
			};
			name = Release;
		};
		4E49ECBF2CFB18C700287391 /* Debug */ = {
			isa = XCBuildConfiguration;
			baseConfigurationReference = 3B04AED8615A6625CF25CB95 /* Pods-HackWesternTests.debug.xcconfig */;
			buildSettings = {
				BUNDLE_LOADER = "$(TEST_HOST)";
				CODE_SIGN_STYLE = Automatic;
				CURRENT_PROJECT_VERSION = 1;
				GENERATE_INFOPLIST_FILE = YES;
				IPHONEOS_DEPLOYMENT_TARGET = 18.1;
				MARKETING_VERSION = 1.0;
				PRODUCT_BUNDLE_IDENTIFIER = "kirpa-delia.HackWesternTests";
				PRODUCT_NAME = "$(TARGET_NAME)";
				SWIFT_EMIT_LOC_STRINGS = NO;
				SWIFT_VERSION = 5.0;
				TARGETED_DEVICE_FAMILY = "1,2";
				TEST_HOST = "$(BUILT_PRODUCTS_DIR)/HackWestern.app/$(BUNDLE_EXECUTABLE_FOLDER_PATH)/HackWestern";
			};
			name = Debug;
		};
		4E49ECC02CFB18C700287391 /* Release */ = {
			isa = XCBuildConfiguration;
			baseConfigurationReference = A5E39129244EA6ACE10FA38A /* Pods-HackWesternTests.release.xcconfig */;
			buildSettings = {
				BUNDLE_LOADER = "$(TEST_HOST)";
				CODE_SIGN_STYLE = Automatic;
				CURRENT_PROJECT_VERSION = 1;
				GENERATE_INFOPLIST_FILE = YES;
				IPHONEOS_DEPLOYMENT_TARGET = 18.1;
				MARKETING_VERSION = 1.0;
				PRODUCT_BUNDLE_IDENTIFIER = "kirpa-delia.HackWesternTests";
				PRODUCT_NAME = "$(TARGET_NAME)";
				SWIFT_EMIT_LOC_STRINGS = NO;
				SWIFT_VERSION = 5.0;
				TARGETED_DEVICE_FAMILY = "1,2";
				TEST_HOST = "$(BUILT_PRODUCTS_DIR)/HackWestern.app/$(BUNDLE_EXECUTABLE_FOLDER_PATH)/HackWestern";
			};
			name = Release;
		};
		4E49ECC22CFB18C700287391 /* Debug */ = {
			isa = XCBuildConfiguration;
			baseConfigurationReference = 389F82F91CC69AD064523288 /* Pods-HackWestern-HackWesternUITests.debug.xcconfig */;
			buildSettings = {
				CODE_SIGN_STYLE = Automatic;
				CURRENT_PROJECT_VERSION = 1;
				GENERATE_INFOPLIST_FILE = YES;
				MARKETING_VERSION = 1.0;
				PRODUCT_BUNDLE_IDENTIFIER = "kirpa-delia.HackWesternUITests";
				PRODUCT_NAME = "$(TARGET_NAME)";
				SWIFT_EMIT_LOC_STRINGS = NO;
				SWIFT_VERSION = 5.0;
				TARGETED_DEVICE_FAMILY = "1,2";
				TEST_TARGET_NAME = HackWestern;
			};
			name = Debug;
		};
		4E49ECC32CFB18C700287391 /* Release */ = {
			isa = XCBuildConfiguration;
			baseConfigurationReference = 3F367D62B4A64850A031FFCA /* Pods-HackWestern-HackWesternUITests.release.xcconfig */;
			buildSettings = {
				CODE_SIGN_STYLE = Automatic;
				CURRENT_PROJECT_VERSION = 1;
				GENERATE_INFOPLIST_FILE = YES;
				MARKETING_VERSION = 1.0;
				PRODUCT_BUNDLE_IDENTIFIER = "kirpa-delia.HackWesternUITests";
				PRODUCT_NAME = "$(TARGET_NAME)";
				SWIFT_EMIT_LOC_STRINGS = NO;
				SWIFT_VERSION = 5.0;
				TARGETED_DEVICE_FAMILY = "1,2";
				TEST_TARGET_NAME = HackWestern;
			};
			name = Release;
		};
/* End XCBuildConfiguration section */

/* Begin XCConfigurationList section */
		4E49EC922CFB18C600287391 /* Build configuration list for PBXProject "HackWestern" */ = {
			isa = XCConfigurationList;
			buildConfigurations = (
				4E49ECB92CFB18C700287391 /* Debug */,
				4E49ECBA2CFB18C700287391 /* Release */,
			);
			defaultConfigurationIsVisible = 0;
			defaultConfigurationName = Release;
		};
		4E49ECBB2CFB18C700287391 /* Build configuration list for PBXNativeTarget "HackWestern" */ = {
			isa = XCConfigurationList;
			buildConfigurations = (
				4E49ECBC2CFB18C700287391 /* Debug */,
				4E49ECBD2CFB18C700287391 /* Release */,
			);
			defaultConfigurationIsVisible = 0;
			defaultConfigurationName = Release;
		};
		4E49ECBE2CFB18C700287391 /* Build configuration list for PBXNativeTarget "HackWesternTests" */ = {
			isa = XCConfigurationList;
			buildConfigurations = (
				4E49ECBF2CFB18C700287391 /* Debug */,
				4E49ECC02CFB18C700287391 /* Release */,
			);
			defaultConfigurationIsVisible = 0;
			defaultConfigurationName = Release;
		};
		4E49ECC12CFB18C700287391 /* Build configuration list for PBXNativeTarget "HackWesternUITests" */ = {
			isa = XCConfigurationList;
			buildConfigurations = (
				4E49ECC22CFB18C700287391 /* Debug */,
				4E49ECC32CFB18C700287391 /* Release */,
			);
			defaultConfigurationIsVisible = 0;
			defaultConfigurationName = Release;
		};
/* End XCConfigurationList section */
	};
	rootObject = 4E49EC8F2CFB18C600287391 /* Project object */;
}
